<Solution>
  <Folder Name="/demo/">
    <Project Path="demo/Common.Validation.Demo.Blazor/Common.Validation.Demo.Blazor.csproj" />
    <Project Path="demo/Common.Validation.Demo/Common.Validation.Demo.csproj" />
  </Folder>
  <Folder Name="/src/">
    <Project Path="src/Common.Validation.Blazor/Common.Validation.Blazor.csproj" />
    <Project Path="src/Common.Validation/Common.Validation.csproj" />
  </Folder>
  <Folder Name="/tests/">
    <Project Path="tests/Common.Validation.Tests/Common.Validation.Tests.csproj" />
  </Folder>
</Solution>
